// !$*UTF8*$!
{
	archiveVersion = 1;
	classes = {
	};
	objectVersion = 50;
	objects = {

/* Begin PBXBuildFile section */
		52062DA72538F071004EB865 /* CityTableViewCell.m in Sources */ = {isa = PBXBuildFile; fileRef = 52062DA62538F071004EB865 /* CityTableViewCell.m */; };
		526FCE072540AE2F00373912 /* APIManager.m in Sources */ = {isa = PBXBuildFile; fileRef = 526FCE062540AE2F00373912 /* APIManager.m */; };
		526FCE0B2540AF8F00373912 /* Ticket.m in Sources */ = {isa = PBXBuildFile; fileRef = 526FCE0A2540AF8F00373912 /* Ticket.m */; };
		526FCE0F2540AFF100373912 /* MapPrice.m in Sources */ = {isa = PBXBuildFile; fileRef = 526FCE0E2540AFF100373912 /* MapPrice.m */; };
		526FCE132540BBD100373912 /* MapViewController.m in Sources */ = {isa = PBXBuildFile; fileRef = 526FCE122540BBD100373912 /* MapViewController.m */; };
		526FCE182540C29E00373912 /* airports.json in Resources */ = {isa = PBXBuildFile; fileRef = 526FCE152540C29D00373912 /* airports.json */; };
		526FCE192540C29E00373912 /* countries.json in Resources */ = {isa = PBXBuildFile; fileRef = 526FCE162540C29D00373912 /* countries.json */; };
		526FCE1A2540C29E00373912 /* cities.json in Resources */ = {isa = PBXBuildFile; fileRef = 526FCE172540C29E00373912 /* cities.json */; };
		526FCE352545F15300373912 /* TabBarController.m in Sources */ = {isa = PBXBuildFile; fileRef = 526FCE342545F15300373912 /* TabBarController.m */; };
		52804F1F2540A7B100E24032 /* LocationService.m in Sources */ = {isa = PBXBuildFile; fileRef = 52804F1E2540A7B100E24032 /* LocationService.m */; };
		52FEB0842534CB3000BEA7E0 /* AppDelegate.m in Sources */ = {isa = PBXBuildFile; fileRef = 52FEB0832534CB3000BEA7E0 /* AppDelegate.m */; };
		52FEB0872534CB3000BEA7E0 /* SceneDelegate.m in Sources */ = {isa = PBXBuildFile; fileRef = 52FEB0862534CB3000BEA7E0 /* SceneDelegate.m */; };
		52FEB08A2534CB3000BEA7E0 /* MainViewController.m in Sources */ = {isa = PBXBuildFile; fileRef = 52FEB0892534CB3000BEA7E0 /* MainViewController.m */; };
		52FEB08F2534CB3200BEA7E0 /* Assets.xcassets in Resources */ = {isa = PBXBuildFile; fileRef = 52FEB08E2534CB3200BEA7E0 /* Assets.xcassets */; };
		52FEB0922534CB3200BEA7E0 /* LaunchScreen.storyboard in Resources */ = {isa = PBXBuildFile; fileRef = 52FEB0902534CB3200BEA7E0 /* LaunchScreen.storyboard */; };
		52FEB0952534CB3200BEA7E0 /* main.m in Sources */ = {isa = PBXBuildFile; fileRef = 52FEB0942534CB3200BEA7E0 /* main.m */; };
		52FEB0A12534DCCE00BEA7E0 /* Country.m in Sources */ = {isa = PBXBuildFile; fileRef = 52FEB0A02534DCCE00BEA7E0 /* Country.m */; };
		52FEB0A42534DCFF00BEA7E0 /* City.m in Sources */ = {isa = PBXBuildFile; fileRef = 52FEB0A32534DCFF00BEA7E0 /* City.m */; };
		52FEB0A72534DDA700BEA7E0 /* Airport.m in Sources */ = {isa = PBXBuildFile; fileRef = 52FEB0A62534DDA700BEA7E0 /* Airport.m */; };
		52FEB0AB2534E2C000BEA7E0 /* DataManager.m in Sources */ = {isa = PBXBuildFile; fileRef = 52FEB0AA2534E2C000BEA7E0 /* DataManager.m */; };
		52FEB0AF2534E7C100BEA7E0 /* PlaceViewController.m in Sources */ = {isa = PBXBuildFile; fileRef = 52FEB0AE2534E7C100BEA7E0 /* PlaceViewController.m */; };
/* End PBXBuildFile section */

/* Begin PBXFileReference section */
		52062DA52538F071004EB865 /* CityTableViewCell.h */ = {isa = PBXFileReference; lastKnownFileType = sourcecode.c.h; path = CityTableViewCell.h; sourceTree = "<group>"; };
		52062DA62538F071004EB865 /* CityTableViewCell.m */ = {isa = PBXFileReference; lastKnownFileType = sourcecode.c.objc; path = CityTableViewCell.m; sourceTree = "<group>"; };
		526FCE052540AE2F00373912 /* APIManager.h */ = {isa = PBXFileReference; lastKnownFileType = sourcecode.c.h; path = APIManager.h; sourceTree = "<group>"; };
		526FCE062540AE2F00373912 /* APIManager.m */ = {isa = PBXFileReference; lastKnownFileType = sourcecode.c.objc; path = APIManager.m; sourceTree = "<group>"; };
		526FCE092540AF8E00373912 /* Ticket.h */ = {isa = PBXFileReference; lastKnownFileType = sourcecode.c.h; path = Ticket.h; sourceTree = "<group>"; };
		526FCE0A2540AF8F00373912 /* Ticket.m */ = {isa = PBXFileReference; lastKnownFileType = sourcecode.c.objc; path = Ticket.m; sourceTree = "<group>"; };
		526FCE0D2540AFF100373912 /* MapPrice.h */ = {isa = PBXFileReference; lastKnownFileType = sourcecode.c.h; path = MapPrice.h; sourceTree = "<group>"; };
		526FCE0E2540AFF100373912 /* MapPrice.m */ = {isa = PBXFileReference; lastKnownFileType = sourcecode.c.objc; path = MapPrice.m; sourceTree = "<group>"; };
		526FCE112540BBD100373912 /* MapViewController.h */ = {isa = PBXFileReference; lastKnownFileType = sourcecode.c.h; path = MapViewController.h; sourceTree = "<group>"; };
		526FCE122540BBD100373912 /* MapViewController.m */ = {isa = PBXFileReference; lastKnownFileType = sourcecode.c.objc; path = MapViewController.m; sourceTree = "<group>"; };
		526FCE152540C29D00373912 /* airports.json */ = {isa = PBXFileReference; fileEncoding = 4; lastKnownFileType = text.json; path = airports.json; sourceTree = "<group>"; };
		526FCE162540C29D00373912 /* countries.json */ = {isa = PBXFileReference; fileEncoding = 4; lastKnownFileType = text.json; path = countries.json; sourceTree = "<group>"; };
		526FCE172540C29E00373912 /* cities.json */ = {isa = PBXFileReference; fileEncoding = 4; lastKnownFileType = text.json; path = cities.json; sourceTree = "<group>"; };
		526FCE332545F15300373912 /* TabBarController.h */ = {isa = PBXFileReference; lastKnownFileType = sourcecode.c.h; path = TabBarController.h; sourceTree = "<group>"; };
		526FCE342545F15300373912 /* TabBarController.m */ = {isa = PBXFileReference; lastKnownFileType = sourcecode.c.objc; path = TabBarController.m; sourceTree = "<group>"; };
		52804F1D2540A7B100E24032 /* LocationService.h */ = {isa = PBXFileReference; lastKnownFileType = sourcecode.c.h; path = LocationService.h; sourceTree = "<group>"; };
		52804F1E2540A7B100E24032 /* LocationService.m */ = {isa = PBXFileReference; lastKnownFileType = sourcecode.c.objc; path = LocationService.m; sourceTree = "<group>"; };
		52FEB07F2534CB3000BEA7E0 /* AviaTickets.app */ = {isa = PBXFileReference; explicitFileType = wrapper.application; includeInIndex = 0; path = AviaTickets.app; sourceTree = BUILT_PRODUCTS_DIR; };
		52FEB0822534CB3000BEA7E0 /* AppDelegate.h */ = {isa = PBXFileReference; lastKnownFileType = sourcecode.c.h; path = AppDelegate.h; sourceTree = "<group>"; };
		52FEB0832534CB3000BEA7E0 /* AppDelegate.m */ = {isa = PBXFileReference; lastKnownFileType = sourcecode.c.objc; path = AppDelegate.m; sourceTree = "<group>"; };
		52FEB0852534CB3000BEA7E0 /* SceneDelegate.h */ = {isa = PBXFileReference; lastKnownFileType = sourcecode.c.h; path = SceneDelegate.h; sourceTree = "<group>"; };
		52FEB0862534CB3000BEA7E0 /* SceneDelegate.m */ = {isa = PBXFileReference; lastKnownFileType = sourcecode.c.objc; path = SceneDelegate.m; sourceTree = "<group>"; };
		52FEB0882534CB3000BEA7E0 /* MainViewController.h */ = {isa = PBXFileReference; lastKnownFileType = sourcecode.c.h; path = MainViewController.h; sourceTree = "<group>"; };
		52FEB0892534CB3000BEA7E0 /* MainViewController.m */ = {isa = PBXFileReference; lastKnownFileType = sourcecode.c.objc; path = MainViewController.m; sourceTree = "<group>"; };
		52FEB08E2534CB3200BEA7E0 /* Assets.xcassets */ = {isa = PBXFileReference; lastKnownFileType = folder.assetcatalog; path = Assets.xcassets; sourceTree = "<group>"; };
		52FEB0912534CB3200BEA7E0 /* Base */ = {isa = PBXFileReference; lastKnownFileType = file.storyboard; name = Base; path = Base.lproj/LaunchScreen.storyboard; sourceTree = "<group>"; };
		52FEB0932534CB3200BEA7E0 /* Info.plist */ = {isa = PBXFileReference; lastKnownFileType = text.plist.xml; path = Info.plist; sourceTree = "<group>"; };
		52FEB0942534CB3200BEA7E0 /* main.m */ = {isa = PBXFileReference; lastKnownFileType = sourcecode.c.objc; path = main.m; sourceTree = "<group>"; };
		52FEB09F2534DCCE00BEA7E0 /* Country.h */ = {isa = PBXFileReference; lastKnownFileType = sourcecode.c.h; path = Country.h; sourceTree = "<group>"; };
		52FEB0A02534DCCE00BEA7E0 /* Country.m */ = {isa = PBXFileReference; lastKnownFileType = sourcecode.c.objc; path = Country.m; sourceTree = "<group>"; };
		52FEB0A22534DCFF00BEA7E0 /* City.h */ = {isa = PBXFileReference; lastKnownFileType = sourcecode.c.h; path = City.h; sourceTree = "<group>"; };
		52FEB0A32534DCFF00BEA7E0 /* City.m */ = {isa = PBXFileReference; lastKnownFileType = sourcecode.c.objc; path = City.m; sourceTree = "<group>"; };
		52FEB0A52534DDA700BEA7E0 /* Airport.h */ = {isa = PBXFileReference; lastKnownFileType = sourcecode.c.h; path = Airport.h; sourceTree = "<group>"; };
		52FEB0A62534DDA700BEA7E0 /* Airport.m */ = {isa = PBXFileReference; lastKnownFileType = sourcecode.c.objc; path = Airport.m; sourceTree = "<group>"; };
		52FEB0A92534E2C000BEA7E0 /* DataManager.h */ = {isa = PBXFileReference; lastKnownFileType = sourcecode.c.h; path = DataManager.h; sourceTree = "<group>"; };
		52FEB0AA2534E2C000BEA7E0 /* DataManager.m */ = {isa = PBXFileReference; lastKnownFileType = sourcecode.c.objc; path = DataManager.m; sourceTree = "<group>"; };
		52FEB0AD2534E7C100BEA7E0 /* PlaceViewController.h */ = {isa = PBXFileReference; lastKnownFileType = sourcecode.c.h; path = PlaceViewController.h; sourceTree = "<group>"; };
		52FEB0AE2534E7C100BEA7E0 /* PlaceViewController.m */ = {isa = PBXFileReference; lastKnownFileType = sourcecode.c.objc; path = PlaceViewController.m; sourceTree = "<group>"; };
/* End PBXFileReference section */

/* Begin PBXFrameworksBuildPhase section */
		52FEB07C2534CB3000BEA7E0 /* Frameworks */ = {
			isa = PBXFrameworksBuildPhase;
			buildActionMask = 2147483647;
			files = (
			);
			runOnlyForDeploymentPostprocessing = 0;
		};
/* End PBXFrameworksBuildPhase section */

/* Begin PBXGroup section */
		52FEB0762534CB3000BEA7E0 = {
			isa = PBXGroup;
			children = (
				52FEB0812534CB3000BEA7E0 /* AviaTickets */,
				52FEB0802534CB3000BEA7E0 /* Products */,
			);
			sourceTree = "<group>";
		};
		52FEB0802534CB3000BEA7E0 /* Products */ = {
			isa = PBXGroup;
			children = (
				52FEB07F2534CB3000BEA7E0 /* AviaTickets.app */,
			);
			name = Products;
			sourceTree = "<group>";
		};
		52FEB0812534CB3000BEA7E0 /* AviaTickets */ = {
			isa = PBXGroup;
			children = (
				52FEB0A82534E2AE00BEA7E0 /* Services */,
				52FEB09B2534DC8900BEA7E0 /* Models */,
				52FEB0AC2534E77C00BEA7E0 /* ViewControllers */,
				52FEB0822534CB3000BEA7E0 /* AppDelegate.h */,
				52FEB0832534CB3000BEA7E0 /* AppDelegate.m */,
				52FEB0852534CB3000BEA7E0 /* SceneDelegate.h */,
				52FEB0862534CB3000BEA7E0 /* SceneDelegate.m */,
				52FEB08E2534CB3200BEA7E0 /* Assets.xcassets */,
				52FEB0902534CB3200BEA7E0 /* LaunchScreen.storyboard */,
				52FEB0932534CB3200BEA7E0 /* Info.plist */,
				526FCE152540C29D00373912 /* airports.json */,
				526FCE172540C29E00373912 /* cities.json */,
				526FCE162540C29D00373912 /* countries.json */,
				52FEB0942534CB3200BEA7E0 /* main.m */,
			);
			path = AviaTickets;
			sourceTree = "<group>";
		};
		52FEB09B2534DC8900BEA7E0 /* Models */ = {
			isa = PBXGroup;
			children = (
				52FEB09F2534DCCE00BEA7E0 /* Country.h */,
				52FEB0A02534DCCE00BEA7E0 /* Country.m */,
				52FEB0A22534DCFF00BEA7E0 /* City.h */,
				52FEB0A32534DCFF00BEA7E0 /* City.m */,
				52FEB0A52534DDA700BEA7E0 /* Airport.h */,
				52FEB0A62534DDA700BEA7E0 /* Airport.m */,
				526FCE092540AF8E00373912 /* Ticket.h */,
				526FCE0A2540AF8F00373912 /* Ticket.m */,
				526FCE0D2540AFF100373912 /* MapPrice.h */,
				526FCE0E2540AFF100373912 /* MapPrice.m */,
			);
			path = Models;
			sourceTree = "<group>";
		};
		52FEB0A82534E2AE00BEA7E0 /* Services */ = {
			isa = PBXGroup;
			children = (
				52FEB0A92534E2C000BEA7E0 /* DataManager.h */,
				52FEB0AA2534E2C000BEA7E0 /* DataManager.m */,
				52804F1D2540A7B100E24032 /* LocationService.h */,
				52804F1E2540A7B100E24032 /* LocationService.m */,
				526FCE052540AE2F00373912 /* APIManager.h */,
				526FCE062540AE2F00373912 /* APIManager.m */,
			);
			path = Services;
			sourceTree = "<group>";
		};
		52FEB0AC2534E77C00BEA7E0 /* ViewControllers */ = {
			isa = PBXGroup;
			children = (
				52FEB0882534CB3000BEA7E0 /* MainViewController.h */,
				52FEB0892534CB3000BEA7E0 /* MainViewController.m */,
				52FEB0AD2534E7C100BEA7E0 /* PlaceViewController.h */,
				52FEB0AE2534E7C100BEA7E0 /* PlaceViewController.m */,
				52062DA52538F071004EB865 /* CityTableViewCell.h */,
				52062DA62538F071004EB865 /* CityTableViewCell.m */,
				526FCE112540BBD100373912 /* MapViewController.h */,
				526FCE122540BBD100373912 /* MapViewController.m */,
				526FCE332545F15300373912 /* TabBarController.h */,
				526FCE342545F15300373912 /* TabBarController.m */,
			);
			path = ViewControllers;
			sourceTree = "<group>";
		};
/* End PBXGroup section */

/* Begin PBXNativeTarget section */
		52FEB07E2534CB3000BEA7E0 /* AviaTickets */ = {
			isa = PBXNativeTarget;
			buildConfigurationList = 52FEB0982534CB3200BEA7E0 /* Build configuration list for PBXNativeTarget "AviaTickets" */;
			buildPhases = (
				52FEB07B2534CB3000BEA7E0 /* Sources */,
				52FEB07C2534CB3000BEA7E0 /* Frameworks */,
				52FEB07D2534CB3000BEA7E0 /* Resources */,
			);
			buildRules = (
			);
			dependencies = (
			);
			name = AviaTickets;
			productName = AviaTickets;
			productReference = 52FEB07F2534CB3000BEA7E0 /* AviaTickets.app */;
			productType = "com.apple.product-type.application";
		};
/* End PBXNativeTarget section */

/* Begin PBXProject section */
		52FEB0772534CB3000BEA7E0 /* Project object */ = {
			isa = PBXProject;
			attributes = {
				LastUpgradeCheck = 1220;
				ORGANIZATIONNAME = "Vladislav Likhachev";
				TargetAttributes = {
					52FEB07E2534CB3000BEA7E0 = {
						CreatedOnToolsVersion = 11.6;
						LastSwiftMigration = 1160;
					};
				};
			};
			buildConfigurationList = 52FEB07A2534CB3000BEA7E0 /* Build configuration list for PBXProject "AviaTickets" */;
			compatibilityVersion = "Xcode 9.3";
			developmentRegion = en;
			hasScannedForEncodings = 0;
			knownRegions = (
				en,
				Base,
			);
			mainGroup = 52FEB0762534CB3000BEA7E0;
			productRefGroup = 52FEB0802534CB3000BEA7E0 /* Products */;
			projectDirPath = "";
			projectRoot = "";
			targets = (
				52FEB07E2534CB3000BEA7E0 /* AviaTickets */,
			);
		};
/* End PBXProject section */

/* Begin PBXResourcesBuildPhase section */
		52FEB07D2534CB3000BEA7E0 /* Resources */ = {
			isa = PBXResourcesBuildPhase;
			buildActionMask = 2147483647;
			files = (
				52FEB0922534CB3200BEA7E0 /* LaunchScreen.storyboard in Resources */,
				526FCE1A2540C29E00373912 /* cities.json in Resources */,
				52FEB08F2534CB3200BEA7E0 /* Assets.xcassets in Resources */,
				526FCE192540C29E00373912 /* countries.json in Resources */,
				526FCE182540C29E00373912 /* airports.json in Resources */,
			);
			runOnlyForDeploymentPostprocessing = 0;
		};
/* End PBXResourcesBuildPhase section */

/* Begin PBXSourcesBuildPhase section */
		52FEB07B2534CB3000BEA7E0 /* Sources */ = {
			isa = PBXSourcesBuildPhase;
			buildActionMask = 2147483647;
			files = (
				52804F1F2540A7B100E24032 /* LocationService.m in Sources */,
				52062DA72538F071004EB865 /* CityTableViewCell.m in Sources */,
				52FEB0AF2534E7C100BEA7E0 /* PlaceViewController.m in Sources */,
				52FEB08A2534CB3000BEA7E0 /* MainViewController.m in Sources */,
				52FEB0842534CB3000BEA7E0 /* AppDelegate.m in Sources */,
				52FEB0A72534DDA700BEA7E0 /* Airport.m in Sources */,
				526FCE0F2540AFF100373912 /* MapPrice.m in Sources */,
				526FCE0B2540AF8F00373912 /* Ticket.m in Sources */,
				52FEB0A42534DCFF00BEA7E0 /* City.m in Sources */,
				52FEB0952534CB3200BEA7E0 /* main.m in Sources */,
				526FCE072540AE2F00373912 /* APIManager.m in Sources */,
				52FEB0AB2534E2C000BEA7E0 /* DataManager.m in Sources */,
				526FCE132540BBD100373912 /* MapViewController.m in Sources */,
				526FCE352545F15300373912 /* TabBarController.m in Sources */,
				52FEB0872534CB3000BEA7E0 /* SceneDelegate.m in Sources */,
				52FEB0A12534DCCE00BEA7E0 /* Country.m in Sources */,
			);
			runOnlyForDeploymentPostprocessing = 0;
		};
/* End PBXSourcesBuildPhase section */

/* Begin PBXVariantGroup section */
		52FEB0902534CB3200BEA7E0 /* LaunchScreen.storyboard */ = {
			isa = PBXVariantGroup;
			children = (
				52FEB0912534CB3200BEA7E0 /* Base */,
			);
			name = LaunchScreen.storyboard;
			sourceTree = "<group>";
		};
/* End PBXVariantGroup section */

/* Begin XCBuildConfiguration section */
		52FEB0962534CB3200BEA7E0 /* Debug */ = {
			isa = XCBuildConfiguration;
			buildSettings = {
				ALWAYS_SEARCH_USER_PATHS = NO;
				CLANG_ANALYZER_NONNULL = YES;
				CLANG_ANALYZER_NUMBER_OBJECT_CONVERSION = YES_AGGRESSIVE;
				CLANG_CXX_LANGUAGE_STANDARD = "gnu++14";
				CLANG_CXX_LIBRARY = "libc++";
				CLANG_ENABLE_MODULES = YES;
				CLANG_ENABLE_OBJC_ARC = YES;
				CLANG_ENABLE_OBJC_WEAK = YES;
				CLANG_WARN_BLOCK_CAPTURE_AUTORELEASING = YES;
				CLANG_WARN_BOOL_CONVERSION = YES;
				CLANG_WARN_COMMA = YES;
				CLANG_WARN_CONSTANT_CONVERSION = YES;
				CLANG_WARN_DEPRECATED_OBJC_IMPLEMENTATIONS = YES;
				CLANG_WARN_DIRECT_OBJC_ISA_USAGE = YES_ERROR;
				CLANG_WARN_DOCUMENTATION_COMMENTS = YES;
				CLANG_WARN_EMPTY_BODY = YES;
				CLANG_WARN_ENUM_CONVERSION = YES;
				CLANG_WARN_INFINITE_RECURSION = YES;
				CLANG_WARN_INT_CONVERSION = YES;
				CLANG_WARN_NON_LITERAL_NULL_CONVERSION = YES;
				CLANG_WARN_OBJC_IMPLICIT_RETAIN_SELF = YES;
				CLANG_WARN_OBJC_LITERAL_CONVERSION = YES;
				CLANG_WARN_OBJC_ROOT_CLASS = YES_ERROR;
				CLANG_WARN_QUOTED_INCLUDE_IN_FRAMEWORK_HEADER = YES;
				CLANG_WARN_RANGE_LOOP_ANALYSIS = YES;
				CLANG_WARN_STRICT_PROTOTYPES = YES;
				CLANG_WARN_SUSPICIOUS_MOVE = YES;
				CLANG_WARN_UNGUARDED_AVAILABILITY = YES_AGGRESSIVE;
				CLANG_WARN_UNREACHABLE_CODE = YES;
				CLANG_WARN__DUPLICATE_METHOD_MATCH = YES;
				COPY_PHASE_STRIP = NO;
				DEBUG_INFORMATION_FORMAT = dwarf;
				ENABLE_STRICT_OBJC_MSGSEND = YES;
				ENABLE_TESTABILITY = YES;
				GCC_C_LANGUAGE_STANDARD = gnu11;
				GCC_DYNAMIC_NO_PIC = NO;
				GCC_NO_COMMON_BLOCKS = YES;
				GCC_OPTIMIZATION_LEVEL = 0;
				GCC_PREPROCESSOR_DEFINITIONS = (
					"DEBUG=1",
					"$(inherited)",
				);
				GCC_WARN_64_TO_32_BIT_CONVERSION = YES;
				GCC_WARN_ABOUT_RETURN_TYPE = YES_ERROR;
				GCC_WARN_UNDECLARED_SELECTOR = YES;
				GCC_WARN_UNINITIALIZED_AUTOS = YES_AGGRESSIVE;
				GCC_WARN_UNUSED_FUNCTION = YES;
				GCC_WARN_UNUSED_VARIABLE = YES;
				IPHONEOS_DEPLOYMENT_TARGET = 13.6;
				MTL_ENABLE_DEBUG_INFO = INCLUDE_SOURCE;
				MTL_FAST_MATH = YES;
				ONLY_ACTIVE_ARCH = YES;
				SDKROOT = iphoneos;
			};
			name = Debug;
		};
		52FEB0972534CB3200BEA7E0 /* Release */ = {
			isa = XCBuildConfiguration;
			buildSettings = {
				ALWAYS_SEARCH_USER_PATHS = NO;
				CLANG_ANALYZER_NONNULL = YES;
				CLANG_ANALYZER_NUMBER_OBJECT_CONVERSION = YES_AGGRESSIVE;
				CLANG_CXX_LANGUAGE_STANDARD = "gnu++14";
				CLANG_CXX_LIBRARY = "libc++";
				CLANG_ENABLE_MODULES = YES;
				CLANG_ENABLE_OBJC_ARC = YES;
				CLANG_ENABLE_OBJC_WEAK = YES;
				CLANG_WARN_BLOCK_CAPTURE_AUTORELEASING = YES;
				CLANG_WARN_BOOL_CONVERSION = YES;
				CLANG_WARN_COMMA = YES;
				CLANG_WARN_CONSTANT_CONVERSION = YES;
				CLANG_WARN_DEPRECATED_OBJC_IMPLEMENTATIONS = YES;
				CLANG_WARN_DIRECT_OBJC_ISA_USAGE = YES_ERROR;
				CLANG_WARN_DOCUMENTATION_COMMENTS = YES;
				CLANG_WARN_EMPTY_BODY = YES;
				CLANG_WARN_ENUM_CONVERSION = YES;
				CLANG_WARN_INFINITE_RECURSION = YES;
				CLANG_WARN_INT_CONVERSION = YES;
				CLANG_WARN_NON_LITERAL_NULL_CONVERSION = YES;
				CLANG_WARN_OBJC_IMPLICIT_RETAIN_SELF = YES;
				CLANG_WARN_OBJC_LITERAL_CONVERSION = YES;
				CLANG_WARN_OBJC_ROOT_CLASS = YES_ERROR;
				CLANG_WARN_QUOTED_INCLUDE_IN_FRAMEWORK_HEADER = YES;
				CLANG_WARN_RANGE_LOOP_ANALYSIS = YES;
				CLANG_WARN_STRICT_PROTOTYPES = YES;
				CLANG_WARN_SUSPICIOUS_MOVE = YES;
				CLANG_WARN_UNGUARDED_AVAILABILITY = YES_AGGRESSIVE;
				CLANG_WARN_UNREACHABLE_CODE = YES;
				CLANG_WARN__DUPLICATE_METHOD_MATCH = YES;
				COPY_PHASE_STRIP = NO;
				DEBUG_INFORMATION_FORMAT = "dwarf-with-dsym";
				ENABLE_NS_ASSERTIONS = NO;
				ENABLE_STRICT_OBJC_MSGSEND = YES;
				GCC_C_LANGUAGE_STANDARD = gnu11;
				GCC_NO_COMMON_BLOCKS = YES;
				GCC_WARN_64_TO_32_BIT_CONVERSION = YES;
				GCC_WARN_ABOUT_RETURN_TYPE = YES_ERROR;
				GCC_WARN_UNDECLARED_SELECTOR = YES;
				GCC_WARN_UNINITIALIZED_AUTOS = YES_AGGRESSIVE;
				GCC_WARN_UNUSED_FUNCTION = YES;
				GCC_WARN_UNUSED_VARIABLE = YES;
				IPHONEOS_DEPLOYMENT_TARGET = 13.6;
				MTL_ENABLE_DEBUG_INFO = NO;
				MTL_FAST_MATH = YES;
				SDKROOT = iphoneos;
				VALIDATE_PRODUCT = YES;
			};
			name = Release;
		};
		52FEB0992534CB3200BEA7E0 /* Debug */ = {
			isa = XCBuildConfiguration;
			buildSettings = {
				ASSETCATALOG_COMPILER_APPICON_NAME = AppIcon;
				CLANG_ENABLE_MODULES = YES;
				CODE_SIGN_STYLE = Automatic;
				DEVELOPMENT_TEAM = A9AML55U6D;
				INFOPLIST_FILE = AviaTickets/Info.plist;
				LD_RUNPATH_SEARCH_PATHS = (
					"$(inherited)",
					"@executable_path/Frameworks",
				);
				PRODUCT_BUNDLE_IDENTIFIER = org.vladilslavlikhachev.AviaTickets;
				PRODUCT_NAME = "$(TARGET_NAME)";
				SWIFT_OBJC_BRIDGING_HEADER = "AviaTickets/Models/AviaTickets-Bridging-Header.h";
				SWIFT_OPTIMIZATION_LEVEL = "-Onone";
				SWIFT_VERSION = 5.0;
				TARGETED_DEVICE_FAMILY = 1;
			};
			name = Debug;
		};
		52FEB09A2534CB3200BEA7E0 /* Release */ = {
			isa = XCBuildConfiguration;
			buildSettings = {
				ASSETCATALOG_COMPILER_APPICON_NAME = AppIcon;
				CLANG_ENABLE_MODULES = YES;
				CODE_SIGN_STYLE = Automatic;
				DEVELOPMENT_TEAM = A9AML55U6D;
				INFOPLIST_FILE = AviaTickets/Info.plist;
				LD_RUNPATH_SEARCH_PATHS = (
					"$(inherited)",
					"@executable_path/Frameworks",
				);
				PRODUCT_BUNDLE_IDENTIFIER = org.vladilslavlikhachev.AviaTickets;
				PRODUCT_NAME = "$(TARGET_NAME)";
				SWIFT_OBJC_BRIDGING_HEADER = "AviaTickets/Models/AviaTickets-Bridging-Header.h";
				SWIFT_VERSION = 5.0;
				TARGETED_DEVICE_FAMILY = 1;
			};
			name = Release;
		};
/* End XCBuildConfiguration section */

/* Begin XCConfigurationList section */
		52FEB07A2534CB3000BEA7E0 /* Build configuration list for PBXProject "AviaTickets" */ = {
			isa = XCConfigurationList;
			buildConfigurations = (
				52FEB0962534CB3200BEA7E0 /* Debug */,
				52FEB0972534CB3200BEA7E0 /* Release */,
			);
			defaultConfigurationIsVisible = 0;
			defaultConfigurationName = Release;
		};
		52FEB0982534CB3200BEA7E0 /* Build configuration list for PBXNativeTarget "AviaTickets" */ = {
			isa = XCConfigurationList;
			buildConfigurations = (
				52FEB0992534CB3200BEA7E0 /* Debug */,
				52FEB09A2534CB3200BEA7E0 /* Release */,
			);
			defaultConfigurationIsVisible = 0;
			defaultConfigurationName = Release;
		};
/* End XCConfigurationList section */
	};
	rootObject = 52FEB0772534CB3000BEA7E0 /* Project object */;
}
